dependencies:
- name: sc-jitt
  repository: https://repository.securitycompass.com/artifactory/sde-helm-dev
  version: 2024.4.3
- name: sc-library
  repository: https://repository.securitycompass.com/artifactory/sde-helm-dev
  version: 1.1.5
- name: postgresql
  repository: https://charts.bitnami.com/bitnami
  version: 15.5.23
- name: rabbitmq
  repository: https://charts.bitnami.com/bitnami
  version: 14.7.0
- name: sc-datastore
  repository: https://repository.securitycompass.com/artifactory/sde-helm-dev
  version: 1.0.14
- name: sc-mail
  repository: https://repository.securitycompass.com/artifactory/sde-helm-dev
  version: 0.1.18
- name: ingress-nginx
  repository: https://kubernetes.github.io/ingress-nginx
  version: 4.8.2
- name: pas
  repository: https://repository.securitycompass.com/artifactory/sde-helm-dev
  version: 2.0.6
- name: minio
  repository: https://charts.min.io/
  version: 5.2.0
- name: tenant
  repository: https://operator.min.io
  version: 5.0.12
digest: sha256:3a32af8d1c40cb8304e0e68703f892e7358178c5e4a0baa233e49257c0332a41
generated: "2025-02-12T15:42:53.659220071Z"
