dependencies:
- name: sc-jitt
  repository: https://repository.securitycompass.com/artifactory/sde-helm-dev
  version: 2024.1.1
- name: sc-library
  repository: https://repository.securitycompass.com/artifactory/sde-helm-dev
  version: 1.1.4
- name: postgresql
  repository: https://charts.bitnami.com/bitnami
  version: 12.12.10
- name: rabbitmq
  repository: https://charts.bitnami.com/bitnami
  version: 12.6.2
- name: sc-datastore
  repository: https://repository.securitycompass.com/artifactory/sde-helm-dev
  version: 1.0.10
- name: sc-mail
  repository: https://repository.securitycompass.com/artifactory/sde-helm-dev
  version: 0.1.15
- name: ingress-nginx
  repository: https://kubernetes.github.io/ingress-nginx
  version: 4.8.2
- name: pas
  repository: https://repository.securitycompass.com/artifactory/sde-helm-dev
  version: 1.8.10
- name: minio
  repository: https://charts.min.io/
  version: 5.0.14
- name: sc-cam
  repository: https://repository.securitycompass.com/artifactory/sde-helm-dev
  version: 2024.1.5
- name: tenant
  repository: https://operator.min.io
  version: 5.0.12
digest: sha256:bf9de593a0da81acdb0d969b9816f696ff04194e99f1898138fe4523295ba6e1
generated: "2024-06-10T19:05:35.729956467Z"
