dependencies:
- name: sc-jitt
  repository: https://harbor-dev.sdelements.com/chartrepo/library
  version: 2022.2.7
- name: sc-library
  repository: https://harbor-dev.sdelements.com/chartrepo/library
  version: 0.1.1
- name: sc-database
  repository: https://harbor-dev.sdelements.com/chartrepo/library
  version: 1.2.4
- name: sc-broker
  repository: https://harbor-dev.sdelements.com/chartrepo/library
  version: 1.2.1
- name: sc-mail
  repository: https://harbor-dev.sdelements.com/chartrepo/library
  version: 0.0.15
- name: ingress-nginx
  repository: https://kubernetes.github.io/ingress-nginx
  version: 4.0.19
- name: pas
  repository: https://harbor-dev.sdelements.com/chartrepo/library
  version: 1.5.1
- name: minio
  repository: https://charts.min.io/
  version: 3.4.6
digest: sha256:4a16f00c57edcb44dde81d82228f0b1cfad791b1b46fb913ba1da7bb878a9d18
generated: "2022-08-15T21:25:15.650975756Z"
