dependencies:
- name: sc-library
  repository: https://harbor-dev.sdelements.com/chartrepo/library
  version: 0.1.1
- name: sc-broker
  repository: https://harbor-dev.sdelements.com/chartrepo/library
  version: 1.2.1
- name: minio
  repository: https://charts.min.io/
  version: 3.4.6
digest: sha256:919a5ccc4be77a4795dedfd4d8aec1a85a7335903ca4041626e09e683df294a8
generated: "2022-08-24T17:14:42.643710278Z"
