dependencies:
- name: sc-library
  repository: https://harbor-dev.sdelements.com/chartrepo/library
  version: 0.1.1
- name: sc-broker
  repository: https://harbor-dev.sdelements.com/chartrepo/library
  version: 0.1.6
digest: sha256:d6ac416ddc30cc5ddc1f43777ba0f914d98827086723c16f9ff37cb2ddd7b8d4
generated: "2021-11-16T17:44:36.312288436Z"
