dependencies:
- name: sc-library
  repository: https://repository.securitycompass.com/artifactory/sde-helm-dev
  version: 1.1.4
- name: mock-sde
  repository: file://../mock_sde
  version: 0.0.1
- name: pas-api
  repository: https://repository.securitycompass.com/artifactory/sde-helm-dev
  version: 1.8.0
- name: pas-plugin-worker
  repository: https://repository.securitycompass.com/artifactory/sde-helm-dev
  version: 1.8.0
- name: pas-async-worker
  repository: https://repository.securitycompass.com/artifactory/sde-helm-dev
  version: 1.8.0
- name: pas-frontend
  repository: https://repository.securitycompass.com/artifactory/sde-helm-dev
  version: 1.8.0
digest: sha256:562d828c95ae0c0f0f20f450ed97aca8c4804503455c35b31a5fef6ed405bb6d
generated: "2023-06-22T18:24:07.029621227Z"
