dependencies:
- name: sc-library
  repository: https://repository.securitycompass.com/artifactory/sde-helm-dev
  version: 1.1.4
- name: mock-sde
  repository: file://../mock_sde
  version: 0.0.1
- name: pas-api
  repository: https://repository.securitycompass.com/artifactory/sde-helm-dev
  version: 1.8.5
- name: pas-plugin-worker
  repository: https://repository.securitycompass.com/artifactory/sde-helm-dev
  version: 1.8.5
- name: pas-async-worker
  repository: https://repository.securitycompass.com/artifactory/sde-helm-dev
  version: 1.8.5
- name: pas-frontend
  repository: https://repository.securitycompass.com/artifactory/sde-helm-dev
  version: 1.8.5
digest: sha256:9fccb33e04b71982f6db3ea4b9bf4ad70a58bc6e9ef4df2a2766404c0d2287ad
generated: "2024-01-30T20:02:37.053545519Z"
